
Microsoft Visual Studio Solution File, Format Version 12.00
# Visual Studio Version 16
VisualStudioVersion = 16.0.31424.327
MinimumVisualStudioVersion = 10.0.40219.1
Project("{9A19103F-16F7-4668-BE54-9A1E7A4F7556}") = "DesignPatterns.Memento", "DesignPatterns.Memento\DesignPatterns.Memento.csproj", "{7965454E-5FDA-41B1-B4A6-ED4EAC952CC5}"
EndProject
Project("{9A19103F-16F7-4668-BE54-9A1E7A4F7556}") = "DesignPatterns.State", "DesignPatterns.State\DesignPatterns.State.csproj", "{CC0B8B2D-5DEC-44DC-9B55-7F6115B22AC9}"
EndProject
Project("{FAE04EC0-301F-11D3-BF4B-00C04F79EFBC}") = "DesignPatterns.Iterator", "DisignPatterns.Iterator\DesignPatterns.Iterator.csproj", "{4F14446A-CE4C-4EE0-8C06-8071EA3BE0FE}"
EndProject
Global
	GlobalSection(SolutionConfigurationPlatforms) = preSolution
		Debug|Any CPU = Debug|Any CPU
		Release|Any CPU = Release|Any CPU
	EndGlobalSection
	GlobalSection(ProjectConfigurationPlatforms) = postSolution
		{7965454E-5FDA-41B1-B4A6-ED4EAC952CC5}.Debug|Any CPU.ActiveCfg = Debug|Any CPU
		{7965454E-5FDA-41B1-B4A6-ED4EAC952CC5}.Debug|Any CPU.Build.0 = Debug|Any CPU
		{7965454E-5FDA-41B1-B4A6-ED4EAC952CC5}.Release|Any CPU.ActiveCfg = Release|Any CPU
		{7965454E-5FDA-41B1-B4A6-ED4EAC952CC5}.Release|Any CPU.Build.0 = Release|Any CPU
		{CC0B8B2D-5DEC-44DC-9B55-7F6115B22AC9}.Debug|Any CPU.ActiveCfg = Debug|Any CPU
		{CC0B8B2D-5DEC-44DC-9B55-7F6115B22AC9}.Debug|Any CPU.Build.0 = Debug|Any CPU
		{CC0B8B2D-5DEC-44DC-9B55-7F6115B22AC9}.Release|Any CPU.ActiveCfg = Release|Any CPU
		{CC0B8B2D-5DEC-44DC-9B55-7F6115B22AC9}.Release|Any CPU.Build.0 = Release|Any CPU
		{4F14446A-CE4C-4EE0-8C06-8071EA3BE0FE}.Debug|Any CPU.ActiveCfg = Debug|Any CPU
		{4F14446A-CE4C-4EE0-8C06-8071EA3BE0FE}.Debug|Any CPU.Build.0 = Debug|Any CPU
		{4F14446A-CE4C-4EE0-8C06-8071EA3BE0FE}.Release|Any CPU.ActiveCfg = Release|Any CPU
		{4F14446A-CE4C-4EE0-8C06-8071EA3BE0FE}.Release|Any CPU.Build.0 = Release|Any CPU
	EndGlobalSection
	GlobalSection(SolutionProperties) = preSolution
		HideSolutionNode = FALSE
	EndGlobalSection
	GlobalSection(ExtensibilityGlobals) = postSolution
		SolutionGuid = {4AA441DF-7C1B-49AA-8DA9-BCF46D7D4D33}
	EndGlobalSection
EndGlobal
